cloud.google.com/go/compute/metadata v0.5.0 h1:Zr0eK8JbFv6+Wi4ilXAR8FJ3wyNdpxHKJNPos6LTZOY=
cloud.google.com/go/compute/metadata v0.5.0/go.mod h1:aHnloV2TPI38yx4s9+wAZhHykWvVCfu7hQbF+9CWoiY=
cloud.google.com/go/longrunning v0.5.12 h1:5LqSIdERr71CqfUsFlJdBpOkBH8FBCFD7P1nTWy3TYE=
cloud.google.com/go/longrunning v0.5.12/go.mod h1:S5hMV8CDJ6r50t2ubVJSKQVv5u0rmik5//KgLO3k4lU=
github.com/bazelbuild/remote-apis v0.0.0-20250728120203-e94a7ece2a1e h1:P0oJ1MpCJTu4lDRbb00aVaPTcDvaQ1uQFsVVBeqttIc=
github.com/bazelbuild/remote-apis v0.0.0-20250728120203-e94a7ece2a1e/go.mod h1:/xo1pn3QkEL2JXrLeK30jvjVR/zXM9H8EqcWb/l5/A0=
github.com/bazelbuild/remote-apis-sdks v0.0.0-20250818214745-5c719541ba4a h1:uQW/ehis1KsIN7RBJa22TtiQGFFPLyaSzqAgwJt89bM=
github.com/bazelbuild/remote-apis-sdks v0.0.0-20250818214745-5c719541ba4a/go.mod h1:sMJ2QK7QssHpNpvbTBmneBJvc+fBHoi26eVoxNwiqIE=
github.com/golang/glog v1.2.4 h1:CNNw5U8lSiiBk7druxtSHHTsRWcxKoac6kZKm2peBBc=
github.com/golang/glog v1.2.4/go.mod h1:6AhwSGph0fcJtXVM/PEHPqZlFeoLxhs7/t5UDAwmO+w=
github.com/google/go-cmp v0.6.0 h1:ofyhxvXcZhMsU5ulbFiLKl/XBFqE1GSq7atu8tAmTRI=
github.com/google/go-cmp v0.6.0/go.mod h1:17dUlkBOakJ0+DkrSSNjCkIjxS6bF9zb3elmeNGIjoY=
github.com/google/uuid v1.6.0 h1:NIvaJDMOsjHA8n1jAhLSgzrAzy1Hgr+hNrb57e+94F0=
github.com/google/uuid v1.6.0/go.mod h1:TIyPZe4MgqvfeYDBFedMoGGpEw/LqOeaOT+nhxU+yHo=
github.com/hanwen/go-fuse/v2 v2.7.2 h1:SbJP1sUP+n1UF8NXBA14BuojmTez+mDgOk0bC057HQw=
github.com/hanwen/go-fuse/v2 v2.7.2/go.mod h1:ugNaD/iv5JYyS1Rcvi57Wz7/vrLQJo10mmketmoef48=
github.com/jotfs/fastcdc-go v0.2.0 h1:WHYIGk3k9NumGWfp4YMsemEcx/s4JKpGAa6tpCpHJOo=
github.com/jotfs/fastcdc-go v0.2.0/go.mod h1:PGFBIloiASFbiKnkCd/hmHXxngxYDYtisyurJ/zyDNM=
github.com/klauspost/compress v1.17.8 h1:YcnTYrq7MikUT7k0Yb5eceMmALQPYBW/Xltxn0NAMnU=
github.com/klauspost/compress v1.17.8/go.mod h1:Di0epgTjJY877eYKx5yC51cX2A2Vl2ibi7bDH9ttBbw=
github.com/kylelemons/godebug v0.0.0-20170820004349-d65d576e9348 h1:MtvEpTB6LX3vkb4ax0b5D2DHbNAUsen0Gx5wZoq3lV4=
github.com/kylelemons/godebug v0.0.0-20170820004349-d65d576e9348/go.mod h1:B69LEHPfb2qLo0BaaOLcbitczOKLWTsrBG9LczfCD4k=
github.com/moby/sys/mountinfo v0.6.2 h1:BzJjoreD5BMFNmD9Rus6gdd1pLuecOFPt8wC+Vygl78=
github.com/moby/sys/mountinfo v0.6.2/go.mod h1:IJb6JQeOklcdMU9F5xQ8ZALD+CUr5VlGpwtX+VE0rpI=
github.com/pkg/xattr v0.4.12 h1:rRTkSyFNTRElv6pkA3zpjHpQ90p/OdHQC1GmGh1aTjM=
github.com/pkg/xattr v0.4.12/go.mod h1:di8WF84zAKk8jzR1UBTEWh9AUlIZZ7M/JNt8e9B6ktU=
golang.org/x/net v0.36.0 h1:vWF2fRbw4qslQsQzgFqZff+BItCvGFQqKzKIzx1rmoA=
golang.org/x/net v0.36.0/go.mod h1:bFmbeoIPfrw4sMHNhb4J9f6+tPziuGjq7Jk/38fxi1I=
golang.org/x/oauth2 v0.22.0 h1:BzDx2FehcG7jJwgWLELCdmLuxk2i+x9UDpSiss2u0ZA=
golang.org/x/oauth2 v0.22.0/go.mod h1:XYTD2NtWslqkgxebSiOHnXEap4TF09sJSc7H1sXbhtI=
golang.org/x/sync v0.11.0 h1:GGz8+XQP4FvTTrjZPzNKTMFtSXH80RAzG+5ghFPgK9w=
golang.org/x/sync v0.11.0/go.mod h1:Czt+wKu1gCyEFDUtn0jG5QVvpJ6rzVqr5aXyt9drQfk=
golang.org/x/sys v0.0.0-20220408201424-a24fb2fb8a0f/go.mod h1:oPkhp1MJrh7nUepCBck5+mAzfO9JrbApNNgaTdGDITg=
golang.org/x/sys v0.30.0 h1:QjkSwP/36a20jFYWkSue1YwXzLmsV5Gfq7Eiy72C1uc=
golang.org/x/sys v0.30.0/go.mod h1:/VUhepiaJMQUp4+oa/7Zr1D23ma6VTLIYjOOTFZPUcA=
golang.org/x/text v0.22.0 h1:bofq7m3/HAFvbF51jz3Q9wLg3jkvSPuiZu/pD1XwgtM=
golang.org/x/text v0.22.0/go.mod h1:YRoo4H8PVmsu+E3Ou7cqLVH8oXWIHVoX0jqUWALQhfY=
google.golang.org/genproto v0.0.0-20240730163845-b1a4ccb954bf h1:OqdXDEakZCVtDiZTjcxfwbHPCT11ycCEsTKesBVKvyY=
google.golang.org/genproto v0.0.0-20240730163845-b1a4ccb954bf/go.mod h1:mCr1K1c8kX+1iSBREvU3Juo11CB+QOEWxbRS01wWl5M=
google.golang.org/genproto/googleapis/api v0.0.0-20240812133136-8ffd90a71988 h1:+/tmTy5zAieooKIXfzDm9KiA3Bv6JBwriRN9LY+yayk=
google.golang.org/genproto/googleapis/api v0.0.0-20240812133136-8ffd90a71988/go.mod h1:4+X6GvPs+25wZKbQq9qyAXrwIRExv7w0Ea6MgZLZiDM=
google.golang.org/genproto/googleapis/bytestream v0.0.0-20230807174057-1744710a1577 h1:ZX0eQu2J+jOO87sq8fQG8J/Nfp7D7BhHpixIE5EYK/k=
google.golang.org/genproto/googleapis/bytestream v0.0.0-20230807174057-1744710a1577/go.mod h1:NjCQG/D8JandXxM57PZbAJL1DCNL6EypA0vPPwfsc7c=
google.golang.org/genproto/googleapis/rpc v0.0.0-20240812133136-8ffd90a71988 h1:V71AcdLZr2p8dC9dbOIMCpqi4EmRl8wUwnJzXXLmbmc=
google.golang.org/genproto/googleapis/rpc v0.0.0-20240812133136-8ffd90a71988/go.mod h1:Ue6ibwXGpU+dqIcODieyLOcgj7z8+IcskoNIgZxtrFY=
google.golang.org/grpc v1.65.0 h1:bs/cUb4lp1G5iImFFd3u5ixQzweKizoZJAwBNLR42lc=
google.golang.org/grpc v1.65.0/go.mod h1:WgYC2ypjlB0EiQi6wdKixMqukr6lBc0Vo+oOgjrM5ZQ=
google.golang.org/protobuf v1.36.3 h1:82DV7MYdb8anAVi3qge1wSnMDrnKK7ebr+I0hHRN1BU=
google.golang.org/protobuf v1.36.3/go.mod h1:9fA7Ob0pmnwhb644+1+CVWFRbNajQ6iRojtC/QF5bRE=
